
Microsoft Visual Studio Solution File, Format Version 12.00
# Visual Studio 15
VisualStudioVersion = 15.0.27703.2000
MinimumVisualStudioVersion = 10.0.40219.1
Project("{FAE04EC0-301F-11D3-BF4B-00C04F79EFBC}") = "MVA_CLass_Demo_Program_Mod2", "MVA_CLass_Demo_Program_Mod2\MVA_CLass_Demo_Program_Mod2.csproj", "{DCA0AABC-D601-4037-B48E-4300D5AA7CEF}"
EndProject
Global
	GlobalSection(SolutionConfigurationPlatforms) = preSolution
		Debug|Any CPU = Debug|Any CPU
		Release|Any CPU = Release|Any CPU
	EndGlobalSection
	GlobalSection(ProjectConfigurationPlatforms) = postSolution
		{DCA0AABC-D601-4037-B48E-4300D5AA7CEF}.Debug|Any CPU.ActiveCfg = Debug|Any CPU
		{DCA0AABC-D601-4037-B48E-4300D5AA7CEF}.Debug|Any CPU.Build.0 = Debug|Any CPU
		{DCA0AABC-D601-4037-B48E-4300D5AA7CEF}.Release|Any CPU.ActiveCfg = Release|Any CPU
		{DCA0AABC-D601-4037-B48E-4300D5AA7CEF}.Release|Any CPU.Build.0 = Release|Any CPU
	EndGlobalSection
	GlobalSection(SolutionProperties) = preSolution
		HideSolutionNode = FALSE
	EndGlobalSection
	GlobalSection(ExtensibilityGlobals) = postSolution
		SolutionGuid = {0CE731AF-F031-4FF4-917E-84E9D1122284}
	EndGlobalSection
EndGlobal
